
Microsoft Visual Studio Solution File, Format Version 12.00
# Visual Studio Version 17
VisualStudioVersion = 17.2.32505.173
MinimumVisualStudioVersion = 10.0.40219.1
Project("{8BC9CEB8-8B4A-11D0-8D11-00A0C91BC942}") = "01-Sum_Of_Two_Numbers", "01-Sum_Of_Two_Numbers.vcxproj", "{12CDD599-CFB1-4C8E-8CEB-70AEA3EB53CA}"
EndProject
Global
	GlobalSection(SolutionConfigurationPlatforms) = preSolution
		Debug|x64 = Debug|x64
		Debug|x86 = Debug|x86
		Release|x64 = Release|x64
		Release|x86 = Release|x86
	EndGlobalSection
	GlobalSection(ProjectConfigurationPlatforms) = postSolution
		{12CDD599-CFB1-4C8E-8CEB-70AEA3EB53CA}.Debug|x64.ActiveCfg = Debug|x64
		{12CDD599-CFB1-4C8E-8CEB-70AEA3EB53CA}.Debug|x64.Build.0 = Debug|x64
		{12CDD599-CFB1-4C8E-8CEB-70AEA3EB53CA}.Debug|x86.ActiveCfg = Debug|Win32
		{12CDD599-CFB1-4C8E-8CEB-70AEA3EB53CA}.Debug|x86.Build.0 = Debug|Win32
		{12CDD599-CFB1-4C8E-8CEB-70AEA3EB53CA}.Release|x64.ActiveCfg = Release|x64
		{12CDD599-CFB1-4C8E-8CEB-70AEA3EB53CA}.Release|x64.Build.0 = Release|x64
		{12CDD599-CFB1-4C8E-8CEB-70AEA3EB53CA}.Release|x86.ActiveCfg = Release|Win32
		{12CDD599-CFB1-4C8E-8CEB-70AEA3EB53CA}.Release|x86.Build.0 = Release|Win32
	EndGlobalSection
	GlobalSection(SolutionProperties) = preSolution
		HideSolutionNode = FALSE
	EndGlobalSection
	GlobalSection(ExtensibilityGlobals) = postSolution
		SolutionGuid = {2AE25753-0622-4A38-917F-13886D79BD1E}
	EndGlobalSection
EndGlobal
